// !$*UTF8*$!
{
	archiveVersion = 1;
	classes = {
	};
	objectVersion = 50;
	objects = {

/* Begin PBXBuildFile section */
		904E07CB271120F600820A4D /* Pacifico-Regular.ttf in Resources */ = {isa = PBXBuildFile; fileRef = 904E07CA271120F600820A4D /* Pacifico-Regular.ttf */; };
		904E07CD2711222A00820A4D /* Launch Screen.storyboard in Resources */ = {isa = PBXBuildFile; fileRef = 904E07CC2711222A00820A4D /* Launch Screen.storyboard */; };
		909F047D2711B03400824A0C /* InfoView.swift in Sources */ = {isa = PBXBuildFile; fileRef = 909F047C2711B03400824A0C /* InfoView.swift */; };
		90D4BBB7270FD95800544945 /* SwiftUICardApp.swift in Sources */ = {isa = PBXBuildFile; fileRef = 90D4BBB6270FD95800544945 /* SwiftUICardApp.swift */; };
		90D4BBB9270FD95800544945 /* ContentView.swift in Sources */ = {isa = PBXBuildFile; fileRef = 90D4BBB8270FD95800544945 /* ContentView.swift */; };
		90D4BBBB270FD95900544945 /* Assets.xcassets in Resources */ = {isa = PBXBuildFile; fileRef = 90D4BBBA270FD95900544945 /* Assets.xcassets */; };
		90D4BBBE270FD95900544945 /* Preview Assets.xcassets in Resources */ = {isa = PBXBuildFile; fileRef = 90D4BBBD270FD95900544945 /* Preview Assets.xcassets */; };
/* End PBXBuildFile section */

/* Begin PBXFileReference section */
		904E07CA271120F600820A4D /* Pacifico-Regular.ttf */ = {isa = PBXFileReference; lastKnownFileType = file; path = "Pacifico-Regular.ttf"; sourceTree = "<group>"; };
		904E07CC2711222A00820A4D /* Launch Screen.storyboard */ = {isa = PBXFileReference; lastKnownFileType = file.storyboard; path = "Launch Screen.storyboard"; sourceTree = "<group>"; };
		909F047C2711B03400824A0C /* InfoView.swift */ = {isa = PBXFileReference; lastKnownFileType = sourcecode.swift; path = InfoView.swift; sourceTree = "<group>"; };
		90D4BBB3270FD95800544945 /* SwiftUICard.app */ = {isa = PBXFileReference; explicitFileType = wrapper.application; includeInIndex = 0; path = SwiftUICard.app; sourceTree = BUILT_PRODUCTS_DIR; };
		90D4BBB6270FD95800544945 /* SwiftUICardApp.swift */ = {isa = PBXFileReference; lastKnownFileType = sourcecode.swift; path = SwiftUICardApp.swift; sourceTree = "<group>"; };
		90D4BBB8270FD95800544945 /* ContentView.swift */ = {isa = PBXFileReference; lastKnownFileType = sourcecode.swift; path = ContentView.swift; sourceTree = "<group>"; };
		90D4BBBA270FD95900544945 /* Assets.xcassets */ = {isa = PBXFileReference; lastKnownFileType = folder.assetcatalog; path = Assets.xcassets; sourceTree = "<group>"; };
		90D4BBBD270FD95900544945 /* Preview Assets.xcassets */ = {isa = PBXFileReference; lastKnownFileType = folder.assetcatalog; path = "Preview Assets.xcassets"; sourceTree = "<group>"; };
		90D4BBBF270FD95900544945 /* Info.plist */ = {isa = PBXFileReference; lastKnownFileType = text.plist.xml; path = Info.plist; sourceTree = "<group>"; };
/* End PBXFileReference section */

/* Begin PBXFrameworksBuildPhase section */
		90D4BBB0270FD95800544945 /* Frameworks */ = {
			isa = PBXFrameworksBuildPhase;
			buildActionMask = 2147483647;
			files = (
			);
			runOnlyForDeploymentPostprocessing = 0;
		};
/* End PBXFrameworksBuildPhase section */

/* Begin PBXGroup section */
		904E07C9271120E700820A4D /* fonts */ = {
			isa = PBXGroup;
			children = (
				904E07CA271120F600820A4D /* Pacifico-Regular.ttf */,
			);
			path = fonts;
			sourceTree = "<group>";
		};
		90D4BBAA270FD95800544945 = {
			isa = PBXGroup;
			children = (
				90D4BBB5270FD95800544945 /* SwiftUICard */,
				90D4BBB4270FD95800544945 /* Products */,
			);
			sourceTree = "<group>";
		};
		90D4BBB4270FD95800544945 /* Products */ = {
			isa = PBXGroup;
			children = (
				90D4BBB3270FD95800544945 /* SwiftUICard.app */,
			);
			name = Products;
			sourceTree = "<group>";
		};
		90D4BBB5270FD95800544945 /* SwiftUICard */ = {
			isa = PBXGroup;
			children = (
				904E07C9271120E700820A4D /* fonts */,
				90D4BBB6270FD95800544945 /* SwiftUICardApp.swift */,
				90D4BBB8270FD95800544945 /* ContentView.swift */,
				90D4BBBA270FD95900544945 /* Assets.xcassets */,
				90D4BBBF270FD95900544945 /* Info.plist */,
				90D4BBBC270FD95900544945 /* Preview Content */,
				904E07CC2711222A00820A4D /* Launch Screen.storyboard */,
				909F047C2711B03400824A0C /* InfoView.swift */,
			);
			path = SwiftUICard;
			sourceTree = "<group>";
		};
		90D4BBBC270FD95900544945 /* Preview Content */ = {
			isa = PBXGroup;
			children = (
				90D4BBBD270FD95900544945 /* Preview Assets.xcassets */,
			);
			path = "Preview Content";
			sourceTree = "<group>";
		};
/* End PBXGroup section */

/* Begin PBXNativeTarget section */
		90D4BBB2270FD95800544945 /* SwiftUICard */ = {
			isa = PBXNativeTarget;
			buildConfigurationList = 90D4BBC2270FD95900544945 /* Build configuration list for PBXNativeTarget "SwiftUICard" */;
			buildPhases = (
				90D4BBAF270FD95800544945 /* Sources */,
				90D4BBB0270FD95800544945 /* Frameworks */,
				90D4BBB1270FD95800544945 /* Resources */,
			);
			buildRules = (
			);
			dependencies = (
			);
			name = SwiftUICard;
			productName = SwiftUICard;
			productReference = 90D4BBB3270FD95800544945 /* SwiftUICard.app */;
			productType = "com.apple.product-type.application";
		};
/* End PBXNativeTarget section */

/* Begin PBXProject section */
		90D4BBAB270FD95800544945 /* Project object */ = {
			isa = PBXProject;
			attributes = {
				LastSwiftUpdateCheck = 1250;
				LastUpgradeCheck = 1250;
				TargetAttributes = {
					90D4BBB2270FD95800544945 = {
						CreatedOnToolsVersion = 12.5.1;
					};
				};
			};
			buildConfigurationList = 90D4BBAE270FD95800544945 /* Build configuration list for PBXProject "SwiftUICard" */;
			compatibilityVersion = "Xcode 9.3";
			developmentRegion = en;
			hasScannedForEncodings = 0;
			knownRegions = (
				en,
				Base,
			);
			mainGroup = 90D4BBAA270FD95800544945;
			productRefGroup = 90D4BBB4270FD95800544945 /* Products */;
			projectDirPath = "";
			projectRoot = "";
			targets = (
				90D4BBB2270FD95800544945 /* SwiftUICard */,
			);
		};
/* End PBXProject section */

/* Begin PBXResourcesBuildPhase section */
		90D4BBB1270FD95800544945 /* Resources */ = {
			isa = PBXResourcesBuildPhase;
			buildActionMask = 2147483647;
			files = (
				904E07CB271120F600820A4D /* Pacifico-Regular.ttf in Resources */,
				90D4BBBE270FD95900544945 /* Preview Assets.xcassets in Resources */,
				904E07CD2711222A00820A4D /* Launch Screen.storyboard in Resources */,
				90D4BBBB270FD95900544945 /* Assets.xcassets in Resources */,
			);
			runOnlyForDeploymentPostprocessing = 0;
		};
/* End PBXResourcesBuildPhase section */

/* Begin PBXSourcesBuildPhase section */
		90D4BBAF270FD95800544945 /* Sources */ = {
			isa = PBXSourcesBuildPhase;
			buildActionMask = 2147483647;
			files = (
				90D4BBB9270FD95800544945 /* ContentView.swift in Sources */,
				909F047D2711B03400824A0C /* InfoView.swift in Sources */,
				90D4BBB7270FD95800544945 /* SwiftUICardApp.swift in Sources */,
			);
			runOnlyForDeploymentPostprocessing = 0;
		};
/* End PBXSourcesBuildPhase section */

/* Begin XCBuildConfiguration section */
		90D4BBC0270FD95900544945 /* Debug */ = {
			isa = XCBuildConfiguration;
			buildSettings = {
				ALWAYS_SEARCH_USER_PATHS = NO;
				CLANG_ANALYZER_NONNULL = YES;
				CLANG_ANALYZER_NUMBER_OBJECT_CONVERSION = YES_AGGRESSIVE;
				CLANG_CXX_LANGUAGE_STANDARD = "gnu++14";
				CLANG_CXX_LIBRARY = "libc++";
				CLANG_ENABLE_MODULES = YES;
				CLANG_ENABLE_OBJC_ARC = YES;
				CLANG_ENABLE_OBJC_WEAK = YES;
				CLANG_WARN_BLOCK_CAPTURE_AUTORELEASING = YES;
				CLANG_WARN_BOOL_CONVERSION = YES;
				CLANG_WARN_COMMA = YES;
				CLANG_WARN_CONSTANT_CONVERSION = YES;
				CLANG_WARN_DEPRECATED_OBJC_IMPLEMENTATIONS = YES;
				CLANG_WARN_DIRECT_OBJC_ISA_USAGE = YES_ERROR;
				CLANG_WARN_DOCUMENTATION_COMMENTS = YES;
				CLANG_WARN_EMPTY_BODY = YES;
				CLANG_WARN_ENUM_CONVERSION = YES;
				CLANG_WARN_INFINITE_RECURSION = YES;
				CLANG_WARN_INT_CONVERSION = YES;
				CLANG_WARN_NON_LITERAL_NULL_CONVERSION = YES;
				CLANG_WARN_OBJC_IMPLICIT_RETAIN_SELF = YES;
				CLANG_WARN_OBJC_LITERAL_CONVERSION = YES;
				CLANG_WARN_OBJC_ROOT_CLASS = YES_ERROR;
				CLANG_WARN_QUOTED_INCLUDE_IN_FRAMEWORK_HEADER = YES;
				CLANG_WARN_RANGE_LOOP_ANALYSIS = YES;
				CLANG_WARN_STRICT_PROTOTYPES = YES;
				CLANG_WARN_SUSPICIOUS_MOVE = YES;
				CLANG_WARN_UNGUARDED_AVAILABILITY = YES_AGGRESSIVE;
				CLANG_WARN_UNREACHABLE_CODE = YES;
				CLANG_WARN__DUPLICATE_METHOD_MATCH = YES;
				COPY_PHASE_STRIP = NO;
				DEBUG_INFORMATION_FORMAT = dwarf;
				ENABLE_STRICT_OBJC_MSGSEND = YES;
				ENABLE_TESTABILITY = YES;
				GCC_C_LANGUAGE_STANDARD = gnu11;
				GCC_DYNAMIC_NO_PIC = NO;
				GCC_NO_COMMON_BLOCKS = YES;
				GCC_OPTIMIZATION_LEVEL = 0;
				GCC_PREPROCESSOR_DEFINITIONS = (
					"DEBUG=1",
					"$(inherited)",
				);
				GCC_WARN_64_TO_32_BIT_CONVERSION = YES;
				GCC_WARN_ABOUT_RETURN_TYPE = YES_ERROR;
				GCC_WARN_UNDECLARED_SELECTOR = YES;
				GCC_WARN_UNINITIALIZED_AUTOS = YES_AGGRESSIVE;
				GCC_WARN_UNUSED_FUNCTION = YES;
				GCC_WARN_UNUSED_VARIABLE = YES;
				IPHONEOS_DEPLOYMENT_TARGET = 14.5;
				MTL_ENABLE_DEBUG_INFO = INCLUDE_SOURCE;
				MTL_FAST_MATH = YES;
				ONLY_ACTIVE_ARCH = YES;
				SDKROOT = iphoneos;
				SWIFT_ACTIVE_COMPILATION_CONDITIONS = DEBUG;
				SWIFT_OPTIMIZATION_LEVEL = "-Onone";
			};
			name = Debug;
		};
		90D4BBC1270FD95900544945 /* Release */ = {
			isa = XCBuildConfiguration;
			buildSettings = {
				ALWAYS_SEARCH_USER_PATHS = NO;
				CLANG_ANALYZER_NONNULL = YES;
				CLANG_ANALYZER_NUMBER_OBJECT_CONVERSION = YES_AGGRESSIVE;
				CLANG_CXX_LANGUAGE_STANDARD = "gnu++14";
				CLANG_CXX_LIBRARY = "libc++";
				CLANG_ENABLE_MODULES = YES;
				CLANG_ENABLE_OBJC_ARC = YES;
				CLANG_ENABLE_OBJC_WEAK = YES;
				CLANG_WARN_BLOCK_CAPTURE_AUTORELEASING = YES;
				CLANG_WARN_BOOL_CONVERSION = YES;
				CLANG_WARN_COMMA = YES;
				CLANG_WARN_CONSTANT_CONVERSION = YES;
				CLANG_WARN_DEPRECATED_OBJC_IMPLEMENTATIONS = YES;
				CLANG_WARN_DIRECT_OBJC_ISA_USAGE = YES_ERROR;
				CLANG_WARN_DOCUMENTATION_COMMENTS = YES;
				CLANG_WARN_EMPTY_BODY = YES;
				CLANG_WARN_ENUM_CONVERSION = YES;
				CLANG_WARN_INFINITE_RECURSION = YES;
				CLANG_WARN_INT_CONVERSION = YES;
				CLANG_WARN_NON_LITERAL_NULL_CONVERSION = YES;
				CLANG_WARN_OBJC_IMPLICIT_RETAIN_SELF = YES;
				CLANG_WARN_OBJC_LITERAL_CONVERSION = YES;
				CLANG_WARN_OBJC_ROOT_CLASS = YES_ERROR;
				CLANG_WARN_QUOTED_INCLUDE_IN_FRAMEWORK_HEADER = YES;
				CLANG_WARN_RANGE_LOOP_ANALYSIS = YES;
				CLANG_WARN_STRICT_PROTOTYPES = YES;
				CLANG_WARN_SUSPICIOUS_MOVE = YES;
				CLANG_WARN_UNGUARDED_AVAILABILITY = YES_AGGRESSIVE;
				CLANG_WARN_UNREACHABLE_CODE = YES;
				CLANG_WARN__DUPLICATE_METHOD_MATCH = YES;
				COPY_PHASE_STRIP = NO;
				DEBUG_INFORMATION_FORMAT = "dwarf-with-dsym";
				ENABLE_NS_ASSERTIONS = NO;
				ENABLE_STRICT_OBJC_MSGSEND = YES;
				GCC_C_LANGUAGE_STANDARD = gnu11;
				GCC_NO_COMMON_BLOCKS = YES;
				GCC_WARN_64_TO_32_BIT_CONVERSION = YES;
				GCC_WARN_ABOUT_RETURN_TYPE = YES_ERROR;
				GCC_WARN_UNDECLARED_SELECTOR = YES;
				GCC_WARN_UNINITIALIZED_AUTOS = YES_AGGRESSIVE;
				GCC_WARN_UNUSED_FUNCTION = YES;
				GCC_WARN_UNUSED_VARIABLE = YES;
				IPHONEOS_DEPLOYMENT_TARGET = 14.5;
				MTL_ENABLE_DEBUG_INFO = NO;
				MTL_FAST_MATH = YES;
				SDKROOT = iphoneos;
				SWIFT_COMPILATION_MODE = wholemodule;
				SWIFT_OPTIMIZATION_LEVEL = "-O";
				VALIDATE_PRODUCT = YES;
			};
			name = Release;
		};
		90D4BBC3270FD95900544945 /* Debug */ = {
			isa = XCBuildConfiguration;
			buildSettings = {
				ASSETCATALOG_COMPILER_APPICON_NAME = AppIcon;
				ASSETCATALOG_COMPILER_GLOBAL_ACCENT_COLOR_NAME = AccentColor;
				CODE_SIGN_STYLE = Automatic;
				DEVELOPMENT_ASSET_PATHS = "\"SwiftUICard/Preview Content\"";
				DEVELOPMENT_TEAM = G52UQ7CNCZ;
				ENABLE_PREVIEWS = YES;
				INFOPLIST_FILE = SwiftUICard/Info.plist;
				IPHONEOS_DEPLOYMENT_TARGET = 14.0;
				LD_RUNPATH_SEARCH_PATHS = (
					"$(inherited)",
					"@executable_path/Frameworks",
				);
				PRODUCT_BUNDLE_IDENTIFIER = br.com.tramalho.SwiftUICard;
				PRODUCT_NAME = "$(TARGET_NAME)";
				SWIFT_VERSION = 5.0;
				TARGETED_DEVICE_FAMILY = "1,2";
			};
			name = Debug;
		};
		90D4BBC4270FD95900544945 /* Release */ = {
			isa = XCBuildConfiguration;
			buildSettings = {
				ASSETCATALOG_COMPILER_APPICON_NAME = AppIcon;
				ASSETCATALOG_COMPILER_GLOBAL_ACCENT_COLOR_NAME = AccentColor;
				CODE_SIGN_STYLE = Automatic;
				DEVELOPMENT_ASSET_PATHS = "\"SwiftUICard/Preview Content\"";
				DEVELOPMENT_TEAM = G52UQ7CNCZ;
				ENABLE_PREVIEWS = YES;
				INFOPLIST_FILE = SwiftUICard/Info.plist;
				IPHONEOS_DEPLOYMENT_TARGET = 14.0;
				LD_RUNPATH_SEARCH_PATHS = (
					"$(inherited)",
					"@executable_path/Frameworks",
				);
				PRODUCT_BUNDLE_IDENTIFIER = br.com.tramalho.SwiftUICard;
				PRODUCT_NAME = "$(TARGET_NAME)";
				SWIFT_VERSION = 5.0;
				TARGETED_DEVICE_FAMILY = "1,2";
			};
			name = Release;
		};
/* End XCBuildConfiguration section */

/* Begin XCConfigurationList section */
		90D4BBAE270FD95800544945 /* Build configuration list for PBXProject "SwiftUICard" */ = {
			isa = XCConfigurationList;
			buildConfigurations = (
				90D4BBC0270FD95900544945 /* Debug */,
				90D4BBC1270FD95900544945 /* Release */,
			);
			defaultConfigurationIsVisible = 0;
			defaultConfigurationName = Release;
		};
		90D4BBC2270FD95900544945 /* Build configuration list for PBXNativeTarget "SwiftUICard" */ = {
			isa = XCConfigurationList;
			buildConfigurations = (
				90D4BBC3270FD95900544945 /* Debug */,
				90D4BBC4270FD95900544945 /* Release */,
			);
			defaultConfigurationIsVisible = 0;
			defaultConfigurationName = Release;
		};
/* End XCConfigurationList section */
	};
	rootObject = 90D4BBAB270FD95800544945 /* Project object */;
}
